{
  "name": "depguard-demo-vulnerable",
  "version": "1.0.0",
  "lockfileVersion": 3,
  "requires": true,
  "packages": {
    "": {
      "name": "depguard-demo-vulnerable",
      "version": "1.0.0",
      "license": "MIT",
      "dependencies": {
        "axios": "0.21.0",
        "lodash": "4.17.15",
        "minimist": "1.2.5"
      },
      "engines": {
        "node": ">=12.0.0"
      }
    },
    "node_modules/axios": {
      "version": "0.33.0",
      "resolved": "https://registry.npmjs.org/axios/-/axios-0.33.0.tgz",
      "integrity": "sha512-juz19g7B3UWT9r3+tgRFQf2Bdy6IKDVroiyuVOUrkILVKHpqHL++K1l8ybvfdEP9B/VE72vk8vllbnedVCm/og==",
      "dependencies": {
        "follow-redirects": "^1.10.0"
      }
    },
    "node_modules/follow-redirects": {
      "version": "1.14.1",
      "resolved": "https://registry.npmjs.org/follow-redirects/-/follow-redirects-1.14.1.tgz",
      "integrity": "sha512-HWqDgT7ZEkqRzBvc2s64vSZ/hfOceEol3ac/7tKwzuvEyWx3/4UegXh5oBOIotkGsObyk3xznnSRVADBgWSQVg==",
      "engines": {
        "node": ">=4.0"
      }
    },
    "node_modules/lodash": {
      "version": "4.18.0",
      "resolved": "https://registry.npmjs.org/lodash/-/lodash-4.18.0.tgz",
      "integrity": "sha512-l1mfj2atMqndAHI3ls7XqPxEjV2J9ZkcNyHpoZA3r2T1LLwDB69jgkMWh71YKwhBbK0G2f4WSn05ahmQXVxupA=="
    },
    "node_modules/minimist": {
      "version": "1.2.6",
      "resolved": "https://registry.npmjs.org/minimist/-/minimist-1.2.6.tgz",
      "integrity": "sha512-Jsjnk4bw3YJqYzbdyBiNsPWHPfO++UGG749Cxs6peCu5Xg4nrena6OVxOYxrQTqww0Jmwt+Ref8rggumkTLz9Q=="
    }
  }
}
